{
  "version": "3",
  "redirects": {
    "https://cdn.esm.sh/extract-files@12.0.0/extractFiles.mjs": "https://esm.sh/extract-files@12.0.0/extractFiles.mjs",
    "https://cdn.esm.sh/extract-files@12.0.0/isExtractableFile.mjs": "https://esm.sh/extract-files@12.0.0/isExtractableFile.mjs",
    "https://deno.land/x/graphql_request/mod.ts": "https://deno.land/x/graphql_request@v4.1.0/mod.ts",
    "https://deno.land/x/html/mod.ts": "https://deno.land/x/html@v1.2.0/mod.ts",
    "https://deno.land/x/ptera/mod.ts": "https://deno.land/x/ptera@v1.0.2/mod.ts",
    "https://deno.land/x/telegram_format/mod.ts": "https://deno.land/x/telegram_format@v3.1.0/mod.ts",
    "https://lib.deno.dev/x/grammy@1.x/mod.ts": "https://deno.land/x/grammy@v1.21.1/mod.ts",
    "https://lib.deno.dev/x/grammy@1.x/types.ts": "https://deno.land/x/grammy@v1.21.1/types.ts",
    "https://lib.deno.dev/x/grammy@v1/mod.ts": "https://deno.land/x/grammy@v1.21.1/mod.ts"
  },
  "remote": {
    "https://cdn.skypack.dev/-/debug@v4.3.4-o4liVvMlOnQWbLSYZMXw/dist=es2019,mode=imports/optimized/debug.js": "671100993996e39b501301a87000607916d4d2d9f8fc8e9c5200ae5ba64a1389",
    "https://cdn.skypack.dev/-/ms@v2.1.2-giBDZ1IA5lmQ3ZXaa87V/dist=es2019,mode=imports/optimized/ms.js": "fd88e2d51900437011f1ad232f3393ce97db1b87a7844b3c58dd6d65562c1276",
    "https://cdn.skypack.dev/debug@4.3.4": "7b1d010cc930f71b940ba5941da055bc181115229e29de7214bdb4425c68ea76",
    "https://deno.land/std@0.211.0/path/_common/assert_path.ts": "2ca275f36ac1788b2acb60fb2b79cb06027198bc2ba6fb7e163efaedde98c297",
    "https://deno.land/std@0.211.0/path/_common/basename.ts": "569744855bc8445f3a56087fd2aed56bdad39da971a8d92b138c9913aecc5fa2",
    "https://deno.land/std@0.211.0/path/_common/constants.ts": "dc5f8057159f4b48cd304eb3027e42f1148cf4df1fb4240774d3492b5d12ac0c",
    "https://deno.land/std@0.211.0/path/_common/strip_trailing_separators.ts": "7024a93447efcdcfeaa9339a98fa63ef9d53de363f1fbe9858970f1bba02655a",
    "https://deno.land/std@0.211.0/path/_os.ts": "8fb9b90fb6b753bd8c77cfd8a33c2ff6c5f5bc185f50de8ca4ac6a05710b2c15",
    "https://deno.land/std@0.211.0/path/basename.ts": "5d341aadb7ada266e2280561692c165771d071c98746fcb66da928870cd47668",
    "https://deno.land/std@0.211.0/path/posix/_util.ts": "1e3937da30f080bfc99fe45d7ed23c47dd8585c5e473b2d771380d3a6937cf9d",
    "https://deno.land/std@0.211.0/path/posix/basename.ts": "39ee27a29f1f35935d3603ccf01d53f3d6e0c5d4d0f84421e65bd1afeff42843",
    "https://deno.land/std@0.211.0/path/windows/_util.ts": "d5f47363e5293fced22c984550d5e70e98e266cc3f31769e1710511803d04808",
    "https://deno.land/std@0.211.0/path/windows/basename.ts": "e2dbf31d1d6385bfab1ce38c333aa290b6d7ae9e0ecb8234a654e583cf22f8fe",
    "https://deno.land/std@0.211.0/streams/_common.ts": "4f9f2958d853b9a456be033631dabb7519daa68ee4d02caf53e2ecbffaf5805f",
    "https://deno.land/std@0.211.0/streams/iterate_reader.ts": "353e516908ce637e8b2a2e1301fa60316825667d0d880d47ea4c427a9a7758cf",
    "https://deno.land/x/deno_cron@v1.0.0/cron.ts": "7f984d0c4c7ac4fb1ad3cd241d457e7808a9362735d910abb02dc689883ee3ef",
    "https://deno.land/x/grammy@v1.21.1/bot.ts": "bbfc31f976a27a48992ebb21bcdc137f216eb28e32cc5de0041dcc8fca53d5b8",
    "https://deno.land/x/grammy@v1.21.1/composer.ts": "a86dcd6c83e91f720ceb85dab2b1c7b966fc18fc6440848b87b4897fcaa63fc8",
    "https://deno.land/x/grammy@v1.21.1/context.ts": "3e9b8e277f8b75bed20b46047ad93b027a182e9d3504f1f2d2bba0852d0bb77f",
    "https://deno.land/x/grammy@v1.21.1/convenience/constants.ts": "8d7e2fb9b0f5bd4c10585d8a7528dee573dea5096041b35bebadbb943318d1fc",
    "https://deno.land/x/grammy@v1.21.1/convenience/frameworks.ts": "ef57a31722a7f1b393f04db83cd123e6455a7b17028d3388e7d5d12970ec8978",
    "https://deno.land/x/grammy@v1.21.1/convenience/inline_query.ts": "409d1940c7670708064efa495003bcbfdf6763a756b2e6303c464489fd3394ff",
    "https://deno.land/x/grammy@v1.21.1/convenience/input_media.ts": "7af72a5fdb1af0417e31b1327003f536ddfdf64e06ab8bc7f5da6b574de38658",
    "https://deno.land/x/grammy@v1.21.1/convenience/keyboard.ts": "88aeab16f2aaf0b4098135b5f7a678f7d2ce288f28c7eba93eaa5553a7395152",
    "https://deno.land/x/grammy@v1.21.1/convenience/session.ts": "f92d57b6b2b61920912cf5c44d4db2f6ca999fe4f9adef170c321889d49667c2",
    "https://deno.land/x/grammy@v1.21.1/convenience/webhook.ts": "f1da7d6426171fb7b5d5f6b59633f91d3bab9a474eea821f714932650965eb9e",
    "https://deno.land/x/grammy@v1.21.1/core/api.ts": "840c5d39ca953d5bdbf89e61836a8212b22110d142b1606127b9c1a5f7d0b96a",
    "https://deno.land/x/grammy@v1.21.1/core/client.ts": "df622a135e71229ffe722406850c9c08b90dcdd4d049b46926128599c73f9dc5",
    "https://deno.land/x/grammy@v1.21.1/core/error.ts": "4638b2127ebe60249c78b83011d468f5e1e1a87748d32fe11a8200d9f824ad13",
    "https://deno.land/x/grammy@v1.21.1/core/payload.ts": "420e17c3c2830b5576ea187cfce77578fe09f1204b25c25ea2f220ca7c86e73b",
    "https://deno.land/x/grammy@v1.21.1/filter.ts": "31b9048d543f4e280a573d2e0b47f4ebbbaead753e4c836525026af5f6af9307",
    "https://deno.land/x/grammy@v1.21.1/mod.ts": "7723e08709ff7fd01df3e463503e14e4fd1a581669380eed70351e1121e8a833",
    "https://deno.land/x/grammy@v1.21.1/platform.deno.ts": "68272a7e1d9a2d74d8a45342526485dbc0531dee812f675d7f8a4e7fc8393028",
    "https://deno.land/x/grammy@v1.21.1/types.deno.ts": "9ef5b8524e5779b1cc6df72736b0663a103b0be549dc4d4c93df2528b27e1534",
    "https://deno.land/x/grammy@v1.21.1/types.ts": "729415590dfa188dbe924dea614dff4e976babdbabb28a307b869fc25777cdf0",
    "https://deno.land/x/grammy@v1.23.0/bot.ts": "1b7453e899ef2d478047d03fd0da52db3dc4351f892117f06f8cc8c596d1d4ac",
    "https://deno.land/x/grammy@v1.23.0/composer.ts": "a86dcd6c83e91f720ceb85dab2b1c7b966fc18fc6440848b87b4897fcaa63fc8",
    "https://deno.land/x/grammy@v1.23.0/context.ts": "717e14e14189fc33463d3b128f9350fa61a17ac6b3bce24d1eeac3c43023277c",
    "https://deno.land/x/grammy@v1.23.0/convenience/constants.ts": "4df7992fbdac5bca4f7352b6bd7e5b24c391901ff59ee3982570a40d8d6a28a6",
    "https://deno.land/x/grammy@v1.23.0/convenience/frameworks.ts": "6a535734adcef9ca3f662e761fd5ab0067213a13e85340cc932624b4062e9264",
    "https://deno.land/x/grammy@v1.23.0/convenience/inline_query.ts": "409d1940c7670708064efa495003bcbfdf6763a756b2e6303c464489fd3394ff",
    "https://deno.land/x/grammy@v1.23.0/convenience/input_media.ts": "7af72a5fdb1af0417e31b1327003f536ddfdf64e06ab8bc7f5da6b574de38658",
    "https://deno.land/x/grammy@v1.23.0/convenience/keyboard.ts": "88aeab16f2aaf0b4098135b5f7a678f7d2ce288f28c7eba93eaa5553a7395152",
    "https://deno.land/x/grammy@v1.23.0/convenience/session.ts": "931fc31b58c6c9fee1d969505027e060fc5a2784a9219d9303da84e849532071",
    "https://deno.land/x/grammy@v1.23.0/convenience/webhook.ts": "f1da7d6426171fb7b5d5f6b59633f91d3bab9a474eea821f714932650965eb9e",
    "https://deno.land/x/grammy@v1.23.0/core/api.ts": "c75de4cc967eceb3f73b1255f133ede6536f48f3f5fd5dcc3053756feca3146c",
    "https://deno.land/x/grammy@v1.23.0/core/client.ts": "df622a135e71229ffe722406850c9c08b90dcdd4d049b46926128599c73f9dc5",
    "https://deno.land/x/grammy@v1.23.0/core/error.ts": "553ec19e1ec51d8161d7f54891d345533aa07232005575549e8b7c919ee4795e",
    "https://deno.land/x/grammy@v1.23.0/core/payload.ts": "420e17c3c2830b5576ea187cfce77578fe09f1204b25c25ea2f220ca7c86e73b",
    "https://deno.land/x/grammy@v1.23.0/filter.ts": "21b0822681b6bf00e8896928d4024244eb3439bdcc5762b1787b11d256fbf0ff",
    "https://deno.land/x/grammy@v1.23.0/mod.ts": "7723e08709ff7fd01df3e463503e14e4fd1a581669380eed70351e1121e8a833",
    "https://deno.land/x/grammy@v1.23.0/platform.deno.ts": "68272a7e1d9a2d74d8a45342526485dbc0531dee812f675d7f8a4e7fc8393028",
    "https://deno.land/x/grammy@v1.23.0/types.deno.ts": "6677ea9774813cac0853bddcbf3bf8aced4058640dd9c98e6c7f3ebb051d0c87",
    "https://deno.land/x/grammy@v1.23.0/types.ts": "729415590dfa188dbe924dea614dff4e976babdbabb28a307b869fc25777cdf0",
    "https://deno.land/x/grammy_menu@v1.2.1/deps.deno.ts": "a94bbf0a453a4b8f0e2fd95b6da254433ecd3a828cabca3bd871558319bd2c7d",
    "https://deno.land/x/grammy_menu@v1.2.1/menu.ts": "8948b421f87efbedc220d64ef215e0c10b1330aa9895ec4e3fa5129d1e231aab",
    "https://deno.land/x/grammy_menu@v1.2.1/mod.ts": "ec3d890cabdb7ee1ea72f5fcd1b0b05a84c208975c34251e8a0e9a595e40713b",
    "https://deno.land/x/grammy_storages@v2.4.2/free/src/adapter.ts": "0a85a6363b12dd0f6d79d1ca469eb7677082050c2e60592441f929f95621dc0d",
    "https://deno.land/x/grammy_storages@v2.4.2/free/src/mod.ts": "6485c5bf548fc73446f54f397660a59ffcaf0bcc465b6050c2c762848c2c0ba5",
    "https://deno.land/x/grammy_types@v3.5.2/api.ts": "ae04d6628e3d25ae805bc07a19475065044fc44cde0a40877405bc3544d03a5f",
    "https://deno.land/x/grammy_types@v3.5.2/inline.ts": "12b33002c4d7880b2e80aaee68ac344110360886efe48ab20d40e93b90849f04",
    "https://deno.land/x/grammy_types@v3.5.2/manage.ts": "3bc9717ba157d3b0e076ff256322f9bf7ea2da28eaf25ea1dbcdc84c9f780804",
    "https://deno.land/x/grammy_types@v3.5.2/markup.ts": "38f2de2c01531486d98ad17f7622af15d720ffaf5cf721af77ece49e403a09bb",
    "https://deno.land/x/grammy_types@v3.5.2/message.ts": "90b9a23fc90f056ad34f71ed194f2cba30a91f3fa7b3e699a577172a2eceeb2d",
    "https://deno.land/x/grammy_types@v3.5.2/methods.ts": "3429cc7f124337bb2cd2d16015272125f8e44d440d3480a87241905113fab701",
    "https://deno.land/x/grammy_types@v3.5.2/mod.ts": "7b5f421b4fbb1761f7f0d68328eaddd515f3222ce3f3cdfbedd8d5a4781e91a7",
    "https://deno.land/x/grammy_types@v3.5.2/passport.ts": "e3fb63aec96510bcc317ef48fd25b435444b8f407502d7568c00fce15f2958fd",
    "https://deno.land/x/grammy_types@v3.5.2/payment.ts": "d23e9038c5b479b606e620dd84e3e67b6642ada110a962f2d5b5286e99ec7de5",
    "https://deno.land/x/grammy_types@v3.5.2/settings.ts": "5e989f5bd6c587d55673bd8052293869aa2f372e9223dd7f6e28632bfe021b6e",
    "https://deno.land/x/grammy_types@v3.5.2/update.ts": "a9fe07b677235a0d29e371f7fdc57ebf46b248ce956a2d918ed844a3c0fbe5de",
    "https://deno.land/x/grammy_types@v3.7.0/api.ts": "ae04d6628e3d25ae805bc07a19475065044fc44cde0a40877405bc3544d03a5f",
    "https://deno.land/x/grammy_types@v3.7.0/inline.ts": "5d298c0c8324633f3c2341c5ad6035dd4a09431de633628c31358c635ef7e620",
    "https://deno.land/x/grammy_types@v3.7.0/manage.ts": "1520ae589dbfcdbfba1b8dcf5486c18ec880aaa7382e2ccf4f9176e8f79aa0e9",
    "https://deno.land/x/grammy_types@v3.7.0/markup.ts": "386a81f6b61c2f3d529353e91406839c59b9886afe3d4c9d97733611792181df",
    "https://deno.land/x/grammy_types@v3.7.0/message.ts": "43dde0dd8d4d5a0ff569cd425b8fe28081480e3b800da4b7805ef7d0440bd1e9",
    "https://deno.land/x/grammy_types@v3.7.0/methods.ts": "56e2b5a19b6d3ec365e85e09eeab9e2b8585ad5b2a36aef26966bdb4c309607a",
    "https://deno.land/x/grammy_types@v3.7.0/mod.ts": "7b5f421b4fbb1761f7f0d68328eaddd515f3222ce3f3cdfbedd8d5a4781e91a7",
    "https://deno.land/x/grammy_types@v3.7.0/passport.ts": "19820e7d6c279521f8bc8912d6a378239f73d4ab525453808994b5f44ef95215",
    "https://deno.land/x/grammy_types@v3.7.0/payment.ts": "d23e9038c5b479b606e620dd84e3e67b6642ada110a962f2d5b5286e99ec7de5",
    "https://deno.land/x/grammy_types@v3.7.0/settings.ts": "5e989f5bd6c587d55673bd8052293869aa2f372e9223dd7f6e28632bfe021b6e",
    "https://deno.land/x/grammy_types@v3.7.0/update.ts": "7033ebfbecf6fbbd2d68f7a3550c9b04e553228a2143104fc63c42dd7f8f6881",
    "https://deno.land/x/graphql_deno@v15.0.0/lib/error/GraphQLError.js": "18adbba7aa651770e0876d0c7df4e6e2ab647a9f09d4b5c107c57d6fa157be9d",
    "https://deno.land/x/graphql_deno@v15.0.0/lib/error/formatError.js": "aec87433c501df6d6272b64974e8edf53b2ed192e66782b827328d635ed55df8",
    "https://deno.land/x/graphql_deno@v15.0.0/lib/error/index.js": "7557dcea8830550f82dd7b1984fdc216e14327d094f501bd2a03f80bf609a768",
    "https://deno.land/x/graphql_deno@v15.0.0/lib/error/locatedError.js": "65ad5e9246747d2b63cd2ea48fa22db617e1c7c2b796a27b8ce32bfb0f2a401c",
    "https://deno.land/x/graphql_deno@v15.0.0/lib/error/syntaxError.js": "9c53411030cf5f4e874e9d1c1926f242e4acc4b469197b395ae1a9a7a9092055",
    "https://deno.land/x/graphql_deno@v15.0.0/lib/execution/execute.js": "2d3114e49268a50195195039cc14629b0fe3dff7afeafed9876f1532a95ed4e7",
    "https://deno.land/x/graphql_deno@v15.0.0/lib/execution/index.js": "064615af63e0da1584c557ce130b3ca42acab750289a085ebcc3107aa024ce52",
    "https://deno.land/x/graphql_deno@v15.0.0/lib/execution/values.js": "e9a42ff1593db210a47504eebcc145f70f8d97cfe53c4cce345116bb420fbf95",
    "https://deno.land/x/graphql_deno@v15.0.0/lib/graphql.js": "c34b19e78a57ad0a0ac9b39ec2766ab755b23e61ea08edf124dda1d60104ae54",
    "https://deno.land/x/graphql_deno@v15.0.0/lib/index.js": "ab428112340017d5b1f74e62f958cf0c50c17b664a33be53974ab8738a531c1c",
    "https://deno.land/x/graphql_deno@v15.0.0/lib/jsutils/Path.js": "28322158c8208f92d376969de58c30ea393aada1beb44223d40584d8d89285c0",
    "https://deno.land/x/graphql_deno@v15.0.0/lib/jsutils/defineToJSON.js": "5423bbfe56faf7c3b0cda65b515c7fcc0e111bef46da9f76fed93eaba1859149",
    "https://deno.land/x/graphql_deno@v15.0.0/lib/jsutils/devAssert.js": "7493987e163c294b31f354091b6ca5e87849a132aa3aad8e3c173ac008c8e970",
    "https://deno.land/x/graphql_deno@v15.0.0/lib/jsutils/didYouMean.js": "9b83a8fe7bdd5b02012c097de14a0fe08a5e33662624ce55eb0019f46067b974",
    "https://deno.land/x/graphql_deno@v15.0.0/lib/jsutils/identityFunc.js": "204f973b6a5fc6f60ea62641e58eed254f0bb7d76b2b05e9c0bae54dc7cd324a",
    "https://deno.land/x/graphql_deno@v15.0.0/lib/jsutils/inspect.js": "bb756ad067f23b137b63bb2dabc4e50b070255da2ff10068d9f0a174dd5f3aae",
    "https://deno.land/x/graphql_deno@v15.0.0/lib/jsutils/instanceOf.js": "c2940e2f0c71ed73390ab03ceb04484c40a4f5f28973709702c8279b1b6f96cd",
    "https://deno.land/x/graphql_deno@v15.0.0/lib/jsutils/invariant.js": "b8d3e8438abe0ec591fdc3a3f0f9c2d7750925738ee146ba7a18173a8f2dc1cb",
    "https://deno.land/x/graphql_deno@v15.0.0/lib/jsutils/isCollection.js": "42ffc930d5982ec031b4a7f29db9fd7f3a9e488ca0ceb73183a51a67ad146e2b",
    "https://deno.land/x/graphql_deno@v15.0.0/lib/jsutils/isObjectLike.js": "96403248d91ae55fa67ce81d339bec098aa51e5fc7132eae3f8dcce91ac340ce",
    "https://deno.land/x/graphql_deno@v15.0.0/lib/jsutils/isPromise.js": "dbe9979b7d4ffd920d8a608a9ce7127b943b130822cd907d78b9e56e66843509",
    "https://deno.land/x/graphql_deno@v15.0.0/lib/jsutils/keyMap.js": "4e54790d45a13998d198b0b7b1bc20ae17259e8131c29821d67e64b96dcb249e",
    "https://deno.land/x/graphql_deno@v15.0.0/lib/jsutils/keyValMap.js": "515ebb0c4be9c26f8fa38b7e0db4f2ebf96057196a8fcd52078046f05bf4e4e0",
    "https://deno.land/x/graphql_deno@v15.0.0/lib/jsutils/mapValue.js": "5df0be208d71e372a693ef305287a8f041b061a293cff030aa10bef4c2735981",
    "https://deno.land/x/graphql_deno@v15.0.0/lib/jsutils/memoize3.js": "4212fbf3f75fc8625a8312b18e0b2907efaf9cf6b8131c78a731a707ba638c74",
    "https://deno.land/x/graphql_deno@v15.0.0/lib/jsutils/nodejsCustomInspectSymbol.js": "eb85744be5bab6c4511556b095198b45259b2c020ff2f88f3b04197acc9feb01",
    "https://deno.land/x/graphql_deno@v15.0.0/lib/jsutils/printPathArray.js": "15110572999ddb82bcde2e42a35092d18fa601f5b8312e5823bd43d48f9b773f",
    "https://deno.land/x/graphql_deno@v15.0.0/lib/jsutils/promiseForObject.js": "b82720027d9bf3b81f302baa8d72f80b5d04f2069ebb538875f22993be83ee11",
    "https://deno.land/x/graphql_deno@v15.0.0/lib/jsutils/promiseReduce.js": "178a7c704a3c124a68a60aa71f29fb078268e403dab310b41937d10f5bb55e01",
    "https://deno.land/x/graphql_deno@v15.0.0/lib/jsutils/suggestionList.js": "4504e10e0e9b230cd697ebcf1ffae9b2ae420db2927a44dfbab452558e2f4b4a",
    "https://deno.land/x/graphql_deno@v15.0.0/lib/jsutils/toObjMap.js": "482c18508c808bca6a8e657ab7e3dfacadbf9f78603ce452700199d02f1b9d32",
    "https://deno.land/x/graphql_deno@v15.0.0/lib/language/ast.js": "faa944fc543e4997c82302a6230c190eaf72bfcca1b8db3b29502826bdf9e9bb",
    "https://deno.land/x/graphql_deno@v15.0.0/lib/language/blockString.js": "413ad9886dee36a96875cea8bbb51763b1ab8f1c3e82b8468330e8a5ca877852",
    "https://deno.land/x/graphql_deno@v15.0.0/lib/language/directiveLocation.js": "8500c3878eafe0142f1b1255a998e76b20d3f859d9016ef9f7252878926dfdd8",
    "https://deno.land/x/graphql_deno@v15.0.0/lib/language/index.js": "9289b05fbe173c54e727465996239a3bce6057fb727677ca44af37d60409480d",
    "https://deno.land/x/graphql_deno@v15.0.0/lib/language/kinds.js": "7bdebb8110e7345fe6c14f255225d7c9b5448fb2dd53ea91d035a4b2e1e8f72b",
    "https://deno.land/x/graphql_deno@v15.0.0/lib/language/lexer.js": "68bf4d832a8d1b4af3a0432ad308bc6f3ffbf60eb1c4e786503b30aff7e17564",
    "https://deno.land/x/graphql_deno@v15.0.0/lib/language/location.js": "9994a20bee8d97ff69781b35477f596a3e6bee9ac1d914340e435bc0298922ee",
    "https://deno.land/x/graphql_deno@v15.0.0/lib/language/parser.js": "53af901714fda7e62137fe2fe9eccecb4945a8648cffbb93ace439a0e445f05e",
    "https://deno.land/x/graphql_deno@v15.0.0/lib/language/predicates.js": "cfd7e10b724590b618f67845ce1d1ca712b7da5943622b40881e7653f5557ab7",
    "https://deno.land/x/graphql_deno@v15.0.0/lib/language/printLocation.js": "26b21c32abaee20e11a072984c381384dd5645be50bcbbdb59bac435490a60e9",
    "https://deno.land/x/graphql_deno@v15.0.0/lib/language/printer.js": "a2da61f578725d78182fadfdc0ce809c30ed7d6b8369b98b1606b68b0e949b39",
    "https://deno.land/x/graphql_deno@v15.0.0/lib/language/source.js": "e2a870f2446abf092996453d87f98214f12898e83980b76706cc8160993f16a8",
    "https://deno.land/x/graphql_deno@v15.0.0/lib/language/tokenKind.js": "ad57e9dddaca5336e49a715b710c8142d9ff963270f3d4d6b63348a482922a74",
    "https://deno.land/x/graphql_deno@v15.0.0/lib/language/visitor.js": "47b0a0f0d2f1e1edbf18a4b26861d371c41c0bfebf7c3f9ccb2e423663184dcd",
    "https://deno.land/x/graphql_deno@v15.0.0/lib/polyfills/arrayFrom.js": "b57194d34b98ac5926ae83e0a83e884d63ee9ec2d2ae3e846f1783cb26f6dbf8",
    "https://deno.land/x/graphql_deno@v15.0.0/lib/polyfills/find.js": "30ebdb4e2cd0ed5b0e3e4a00877f2bd2ac62de6d70a4c63152021fe724e41911",
    "https://deno.land/x/graphql_deno@v15.0.0/lib/polyfills/flatMap.js": "29d62564cd9745536e366e09b7f6cbe8860d8423c00ca253ae6cbfba839f2fc6",
    "https://deno.land/x/graphql_deno@v15.0.0/lib/polyfills/isFinite.js": "231e2d149aa58e8288b6cf86f588a1597f3f8d432928a17af9c348b48bd8ddde",
    "https://deno.land/x/graphql_deno@v15.0.0/lib/polyfills/isInteger.js": "0b68164ae12c46b16e439a5384af0c8c395f5c941e0f03fb71ee2ee9cb45fae6",
    "https://deno.land/x/graphql_deno@v15.0.0/lib/polyfills/objectEntries.js": "c261873f15f88ecb1497427844a9afc541168a92b7d75d69446732a0d381c819",
    "https://deno.land/x/graphql_deno@v15.0.0/lib/polyfills/objectValues.js": "7c3ed07793a1685cf018fa028275ff556213ba953c43dd2410bb549a86ee801b",
    "https://deno.land/x/graphql_deno@v15.0.0/lib/polyfills/symbols.js": "bbe907378637a4264484590815d80563cfbd8a8a5f396ac9d2be4107658e5bf7",
    "https://deno.land/x/graphql_deno@v15.0.0/lib/subscription/index.js": "3c2e03b8225f66a541d870fb6729ad2e3afbd923a0d07713a087c22d134097b3",
    "https://deno.land/x/graphql_deno@v15.0.0/lib/subscription/mapAsyncIterator.js": "ff581dcfccf8aeedfefe1c42a8f01c7898c1a2b093e5f6fb4d2e62b2f83ab8c8",
    "https://deno.land/x/graphql_deno@v15.0.0/lib/subscription/subscribe.js": "f4d316d4f7e3e60cc3f9f8371e6122396653ff1836a27d44a3e8bf1cfa3d5def",
    "https://deno.land/x/graphql_deno@v15.0.0/lib/type/definition.js": "94ef1069f5e034f9dc34ca7f25370fe81a58365acbb6e932ab9e0db92efe8287",
    "https://deno.land/x/graphql_deno@v15.0.0/lib/type/directives.js": "d4614736de1997413a4970b73865c99d3b01922eda3de1e587c27c25c24e8892",
    "https://deno.land/x/graphql_deno@v15.0.0/lib/type/index.js": "4a7d837f30c56cf3074ee527f4b9388d160ad20cd545d4fdebac500acdf102b0",
    "https://deno.land/x/graphql_deno@v15.0.0/lib/type/introspection.js": "c63b4c5a578d76f8d159837ce531e1193dd3a2629148aedb895b511141303afd",
    "https://deno.land/x/graphql_deno@v15.0.0/lib/type/scalars.js": "d447913dbdcaaa32f2eaa5d86bd39b5342bfcf78d9ddd6b2173ad717ae7fa734",
    "https://deno.land/x/graphql_deno@v15.0.0/lib/type/schema.js": "1c92f80cc2c1f0a14a5b3fcb13d55f215f14e1b2bb7b92c2674ede22f969f033",
    "https://deno.land/x/graphql_deno@v15.0.0/lib/type/validate.js": "f8300538e4327b46959ff83a7dabd55e42148ef07fa66c79f72b308a46cfd369",
    "https://deno.land/x/graphql_deno@v15.0.0/lib/utilities/TypeInfo.js": "03276253d0ab3d4947f7bf63ca4ccc4fe0073f73063952103530f8193a98e546",
    "https://deno.land/x/graphql_deno@v15.0.0/lib/utilities/assertValidName.js": "d6b44f4dddcc50ebe92c7cb9b94ecc9b27627994b3c156ce63d33279c7f7d0e4",
    "https://deno.land/x/graphql_deno@v15.0.0/lib/utilities/astFromValue.js": "d460204b065b8e1036e215faa9a617a20c268e687ed424208dabc5cd5f40f2d1",
    "https://deno.land/x/graphql_deno@v15.0.0/lib/utilities/buildASTSchema.js": "d4aeade98d0a1bc6ffdc160fdc78e9edf22a9efdc550cdc6121d1c83ff1e6c84",
    "https://deno.land/x/graphql_deno@v15.0.0/lib/utilities/buildClientSchema.js": "1ac64f6aacdf57e9b552a0c45e7176c988c0d97310f646d7d048899524856d3a",
    "https://deno.land/x/graphql_deno@v15.0.0/lib/utilities/coerceInputValue.js": "ee59bf0ed0857af92c4f40a309365fd57770821b3c788b6b13d0d1051ffec0da",
    "https://deno.land/x/graphql_deno@v15.0.0/lib/utilities/concatAST.js": "bf410b42f7aa015ff0cd938623894906ac19329d9cd9a2298cf97de7cb01442a",
    "https://deno.land/x/graphql_deno@v15.0.0/lib/utilities/extendSchema.js": "802fbd291d21cfa97c1ebea4fa6528ac6cddbbcc27c169942c975ce708a9f295",
    "https://deno.land/x/graphql_deno@v15.0.0/lib/utilities/findBreakingChanges.js": "2c8dfd8acf617e5d8a96e389ba6bccb0845fc4470f680957a1ca64514337574a",
    "https://deno.land/x/graphql_deno@v15.0.0/lib/utilities/findDeprecatedUsages.js": "5a5366e6ed3c99e16d73b1235ee9062ac10d3ec16afafc4d6c4f635cc12370f6",
    "https://deno.land/x/graphql_deno@v15.0.0/lib/utilities/getIntrospectionQuery.js": "81125e8afec11871bf532dff9dd523016292c5a57f84d0c04a142a6704ba1572",
    "https://deno.land/x/graphql_deno@v15.0.0/lib/utilities/getOperationAST.js": "5fef27e56f708c5336a78e611f08627122a6673d10ea1db6f5466c6f984ad9a2",
    "https://deno.land/x/graphql_deno@v15.0.0/lib/utilities/getOperationRootType.js": "58addddae7feabecce40191d836f7e65a9478cf0d9df6c360c4c30e6f5f6f09c",
    "https://deno.land/x/graphql_deno@v15.0.0/lib/utilities/index.js": "d0e34dcf95627362527e93e7eaa970caee63b40ed04ff1da320b6426484c8278",
    "https://deno.land/x/graphql_deno@v15.0.0/lib/utilities/introspectionFromSchema.js": "50a2202f28b25e98bc496f151de8fc6b2feeb81bab9739fee97f66ac30ef8652",
    "https://deno.land/x/graphql_deno@v15.0.0/lib/utilities/lexicographicSortSchema.js": "ad2b935289966fc75700a3b511b86e79130d505399b0c2de052e9915624e2c2a",
    "https://deno.land/x/graphql_deno@v15.0.0/lib/utilities/printSchema.js": "104a4666bf3e745ad1fbd30c227d3e06902a2b255c95e29183dcd6d98fad76be",
    "https://deno.land/x/graphql_deno@v15.0.0/lib/utilities/separateOperations.js": "ac7e7789fddc0fcf2b439897fce86601a16c6d3f4e20b7f6837278bcf1c36a56",
    "https://deno.land/x/graphql_deno@v15.0.0/lib/utilities/stripIgnoredCharacters.js": "be44c652bfa218b18e5d4387a068d2e431d75e770ddc38ced6eb95a0b8854eab",
    "https://deno.land/x/graphql_deno@v15.0.0/lib/utilities/typeComparators.js": "dcda7fffeaf3999bfd993a4faac36547dace3ec3f78d7686f4334f86a6c3aec0",
    "https://deno.land/x/graphql_deno@v15.0.0/lib/utilities/typeFromAST.js": "99cd615599626259b8e2b9974e22bf8beb495f541b20d78f4a01d48de2f97942",
    "https://deno.land/x/graphql_deno@v15.0.0/lib/utilities/valueFromAST.js": "26098b7e5074d408f877f8b4566e6183cd77f076ee2e3f1413e53c4677e150ce",
    "https://deno.land/x/graphql_deno@v15.0.0/lib/utilities/valueFromASTUntyped.js": "9db575f95392635bb02dc417d920e9ae6552b2fa871b19e94ad0cc9ceb83c892",
    "https://deno.land/x/graphql_deno@v15.0.0/lib/validation/ValidationContext.js": "52808fc712f4ef50f79edcb30cb907721e449b55c54225551d2ad09660351dba",
    "https://deno.land/x/graphql_deno@v15.0.0/lib/validation/index.js": "1b91224c90bae4b49c6b8227c190c34cb3600433423c257a672801e12910c06d",
    "https://deno.land/x/graphql_deno@v15.0.0/lib/validation/rules/ExecutableDefinitionsRule.js": "f94c0c866335d1c249d08efa55da0dd6e5954844fa7851b6a0d6b3cd86383819",
    "https://deno.land/x/graphql_deno@v15.0.0/lib/validation/rules/FieldsOnCorrectTypeRule.js": "587eb8a9e7376e58ea6a0bbb12585ca45621a0be102dc7e6c641adee9652e91d",
    "https://deno.land/x/graphql_deno@v15.0.0/lib/validation/rules/FragmentsOnCompositeTypesRule.js": "6a6172831b4e7e6431af810505e23bdf82b7f46d92cfe719226c549a36a75b92",
    "https://deno.land/x/graphql_deno@v15.0.0/lib/validation/rules/KnownArgumentNamesRule.js": "2ab0571f6a6b9c5486b76a09955efde97ef3ff7e9cc06ecfcec8e1f830b8e79b",
    "https://deno.land/x/graphql_deno@v15.0.0/lib/validation/rules/KnownDirectivesRule.js": "57f4c9df617702d3695c3010f6822641b4c7343c65a4873bab6b29c911424e2c",
    "https://deno.land/x/graphql_deno@v15.0.0/lib/validation/rules/KnownFragmentNamesRule.js": "24273c31aa208652113a2e635853c336227a2756fc642ece6e977bd9c4ccb094",
    "https://deno.land/x/graphql_deno@v15.0.0/lib/validation/rules/KnownTypeNamesRule.js": "b600453083f32688c43f2225399439b4f6312903397572b947ea4fc80ac17b52",
    "https://deno.land/x/graphql_deno@v15.0.0/lib/validation/rules/LoneAnonymousOperationRule.js": "ec860c3ce338509b1e407c5cea36aa6e97e34ed207e5cdf719d6f7fa4026398c",
    "https://deno.land/x/graphql_deno@v15.0.0/lib/validation/rules/LoneSchemaDefinitionRule.js": "d3e40186003d89bd45c751156a6df69af6970beb5493c891cd79e1eaab734968",
    "https://deno.land/x/graphql_deno@v15.0.0/lib/validation/rules/NoFragmentCyclesRule.js": "1445f37ad14819d117371c70acdc725459d89b9a8773dd2c15e131f5d71b92ac",
    "https://deno.land/x/graphql_deno@v15.0.0/lib/validation/rules/NoUndefinedVariablesRule.js": "7aaf4409398526fef667fa6cede56b60824166409247b62c2f74b2c4a1ea5497",
    "https://deno.land/x/graphql_deno@v15.0.0/lib/validation/rules/NoUnusedFragmentsRule.js": "9d1c9b11d6287f077cff8661c704f9aa0fdf53de0b4894c4e7fe29597a32a704",
    "https://deno.land/x/graphql_deno@v15.0.0/lib/validation/rules/NoUnusedVariablesRule.js": "8d477bdbc19eb02556e7899b97b147511ccb69777ae29136c12e2f49d6c7a264",
    "https://deno.land/x/graphql_deno@v15.0.0/lib/validation/rules/OverlappingFieldsCanBeMergedRule.js": "5f74a4c076f8c18ce6371bfda2d213c4461655f830fb506569a1cc71faa56e96",
    "https://deno.land/x/graphql_deno@v15.0.0/lib/validation/rules/PossibleFragmentSpreadsRule.js": "0bf927e91d4103c630ef3a10b586586ababb1412874917fed1b5b908d40bc54b",
    "https://deno.land/x/graphql_deno@v15.0.0/lib/validation/rules/PossibleTypeExtensionsRule.js": "2c1f8a1371656ff8c992d0e4df5500ecb36475286b5f131d9a880018baf00c73",
    "https://deno.land/x/graphql_deno@v15.0.0/lib/validation/rules/ProvidedRequiredArgumentsRule.js": "03d3af937d5e08c544a10911770f0660ed6eb18d2b8877acc677aac90583f86e",
    "https://deno.land/x/graphql_deno@v15.0.0/lib/validation/rules/ScalarLeafsRule.js": "374bba26d4e9e085560ef20179604955ae191e7c68c85f2f1905fb68686bc079",
    "https://deno.land/x/graphql_deno@v15.0.0/lib/validation/rules/SingleFieldSubscriptionsRule.js": "8a748eb20d1b21fee38aaeae7b368893f113b5b35bbd0fd94c22df072d23e0be",
    "https://deno.land/x/graphql_deno@v15.0.0/lib/validation/rules/UniqueArgumentNamesRule.js": "fe7fafd8d4a5efe66f0d690ef868f55f46c78512cf98abc1bd6ab4c175b86d79",
    "https://deno.land/x/graphql_deno@v15.0.0/lib/validation/rules/UniqueDirectiveNamesRule.js": "6664f72231dfa4fa4337ffeed4868a95e91970825bd45f77d7d4f92bcb49bb50",
    "https://deno.land/x/graphql_deno@v15.0.0/lib/validation/rules/UniqueDirectivesPerLocationRule.js": "0aedfb8194bd8630b84e344a8ff0f6572bb169ad290a18c8391000324c4d8a03",
    "https://deno.land/x/graphql_deno@v15.0.0/lib/validation/rules/UniqueEnumValueNamesRule.js": "fbfec070d1c6ca58514f0e459b7dc5c8fe505d81bd1323509802d65db1463272",
    "https://deno.land/x/graphql_deno@v15.0.0/lib/validation/rules/UniqueFieldDefinitionNamesRule.js": "3da7356eaaf7ae41bf5b86c7c55c4049b962bd9d5339252a90cc46538714b694",
    "https://deno.land/x/graphql_deno@v15.0.0/lib/validation/rules/UniqueFragmentNamesRule.js": "523f0dfeb1ab059bd396d240376e3b602d32405826dd53d8b2e575aaebd7c055",
    "https://deno.land/x/graphql_deno@v15.0.0/lib/validation/rules/UniqueInputFieldNamesRule.js": "433e878697932b4b5cd82dc9282f10650d568360afcd68a6130b9a54ef21e7f1",
    "https://deno.land/x/graphql_deno@v15.0.0/lib/validation/rules/UniqueOperationNamesRule.js": "1de59fc010ff56ef74c856d23f949c523de78f299e9aa7c6d882f1f49959e3be",
    "https://deno.land/x/graphql_deno@v15.0.0/lib/validation/rules/UniqueOperationTypesRule.js": "2faa2b9c0e9c0197f053162e1356dbfa819e02f0c294271873576ac4ea5786fc",
    "https://deno.land/x/graphql_deno@v15.0.0/lib/validation/rules/UniqueTypeNamesRule.js": "d01564b48843b9a316b314f1f9079a25d381bbe02bb47bc47dca0a144fdb596f",
    "https://deno.land/x/graphql_deno@v15.0.0/lib/validation/rules/UniqueVariableNamesRule.js": "5522d2278b64aaf70c30d0dc5e37f70bdbde0201bd6c06c136e0d9d50b0a3c4a",
    "https://deno.land/x/graphql_deno@v15.0.0/lib/validation/rules/ValuesOfCorrectTypeRule.js": "f50002aac89fa875cfb594c7696d0d6eaa8ad39d699e3d0550cda34799797faa",
    "https://deno.land/x/graphql_deno@v15.0.0/lib/validation/rules/VariablesAreInputTypesRule.js": "13337bf58985546627c8060c3ff1201dd21bb6d67e5293819ad0eefa8196a144",
    "https://deno.land/x/graphql_deno@v15.0.0/lib/validation/rules/VariablesInAllowedPositionRule.js": "3032c0af7f9287cb10230685807e1460f12775e24ac76f88496769ad0acc43f0",
    "https://deno.land/x/graphql_deno@v15.0.0/lib/validation/specifiedRules.js": "0e2f6954eb79701a15731f528209a5616ee028133cbf7d4fbecb4e88ac5028c5",
    "https://deno.land/x/graphql_deno@v15.0.0/lib/validation/validate.js": "44bf2bc96845af0bf77e4421f0a05ee57cdc2a688abb32ff6270eacc501327d1",
    "https://deno.land/x/graphql_deno@v15.0.0/lib/version.js": "a135d0beee3fa1405733453e86f1c887e4771d56357504dd78eaa872c0a2b482",
    "https://deno.land/x/graphql_deno@v15.0.0/mod.ts": "c85d6ab2a9c22ff494bfaa5f662507249650419af6c6c27a7a5c8175de61870d",
    "https://deno.land/x/graphql_request@v4.1.0/mod.ts": "a24c6f401b8253bb84c773583bf2b37b1b74eec960639f36eb874ca17972f9e7",
    "https://deno.land/x/graphql_request@v4.1.0/src/createRequestBody.ts": "80b40c902de346622c222a068c4f96679a1bb3233c9b31d728518566ca4e679a",
    "https://deno.land/x/graphql_request@v4.1.0/src/index.ts": "15194aba3fdfc1ba896e7fcf9c11227dd1962b635c7d2101e23ed2e0a57cd900",
    "https://deno.land/x/graphql_request@v4.1.0/src/parseArgs.ts": "d00abde98728be96c902debd7ee5032b05f69fb6bb00f86a2b5adf09159541aa",
    "https://deno.land/x/graphql_request@v4.1.0/src/types.dom.ts": "56432fd7ce0aff31542ec7198ff1a3ea5e3d62fda009510f78bf9c0fc47af13e",
    "https://deno.land/x/graphql_request@v4.1.0/src/types.ts": "63a98d9f8efb1d6a580bbef62861c764f0f0b0d3dda04674f4d9a32d6490440b",
    "https://deno.land/x/ptera@v1.0.2/constants.ts": "61659e7f70136d73e0215d373fa815427f424a8b1596bf88ba62da4f542b4c2a",
    "https://deno.land/x/ptera@v1.0.2/convert.ts": "f4251fd3f46b7924fc70f2e81c13eeee9123897478b309e3117cc8b421386c81",
    "https://deno.land/x/ptera@v1.0.2/datetime.ts": "fd6bd0e6bc8cb6ddd21416d7f9bde6fca93d0a6de17dfad676ce79af1cd667a3",
    "https://deno.land/x/ptera@v1.0.2/diff.ts": "262cacd353e4feb923ae17845bcbd4368eeeb0e6557fc0d9069c7adfd920e080",
    "https://deno.land/x/ptera@v1.0.2/format.ts": "d56ee7bbf56bc19976197e1bf15f1d182a00a190c3103a6e544f0fd2f14d3ff6",
    "https://deno.land/x/ptera@v1.0.2/local_time.ts": "3836e80d81f1d4ba40fa266632076e0159cc58d1e2ffc23fccfb5249e1c5b780",
    "https://deno.land/x/ptera@v1.0.2/locale.ts": "ec9ef85d52f525e9cdb770dc391841d9ef6a72e84f88eff3c4114da7d0a986d1",
    "https://deno.land/x/ptera@v1.0.2/mod.ts": "741221c4e7c972d0d0a7745464dcd87611f41729d923b1e40f57ce24c44ae98b",
    "https://deno.land/x/ptera@v1.0.2/parse_date.ts": "51ba2b0917ef9015316b84072766286fd693df553930dfb52e024eb441c19d16",
    "https://deno.land/x/ptera@v1.0.2/timezone.ts": "4871b64bb0d5e01a968c51dbc34e724a5526149acfb5097f410dfb970bf505cb",
    "https://deno.land/x/ptera@v1.0.2/types.ts": "24b378ccf1f8e1783022ffe96312ef7c12deb39a62aa33832a3c3555954e663b",
    "https://deno.land/x/ptera@v1.0.2/utils.ts": "1651c7740fef85901af34bbfcd8d9bd467a4313b5a4d5074e2603f989f1ee77a",
    "https://deno.land/x/ptera@v1.0.2/zoned_time.ts": "d0578c18b534625c157eaea6daa88c71708b801f03793a05bc48ba492044191e",
    "https://deno.land/x/telegram_format@v3.1.0/html.ts": "bd079f167a964dd2fc21da7c48c49294312e61a658085610e5009513008fc07a",
    "https://deno.land/x/telegram_format@v3.1.0/markdown.ts": "bad83a2e6b6b0bb42bebf56f2ed1393e220380af7085aeebbdcaf3fc4155d63c",
    "https://deno.land/x/telegram_format@v3.1.0/markdownv2.ts": "6e7b8bea098f4dbebb4ab56630fd3298e61e250f4d1de6182f0a981565b75d97",
    "https://deno.land/x/telegram_format@v3.1.0/mod.ts": "d9aafc9b7172844ab66526af3cac5576aecfe745aaa85ac7f09543280af189e8",
    "https://esm.sh/extract-files@12.0.0/extractFiles.mjs": "58e5f1fcf50e3a362d9bde0e2c1a624a7d89d60ac2de005afd895d0d452cca62",
    "https://esm.sh/extract-files@12.0.0/isExtractableFile.mjs": "2757358bbc9141b93cb27d7e0ba98c1e703172dd58fb7d533a31476419d2416f",
    "https://esm.sh/v135/extract-files@12.0.0/denonext/extractFiles.js": "59b30d503c5d9ce135dd76c34ac92cf7e9f85cd129d6be2ff61553bb612ac75f",
    "https://esm.sh/v135/extract-files@12.0.0/denonext/isExtractableFile.js": "93462c162e29fc0e8fd7e9de3665dfd7705f03d41d2721d654f177bc2a7fe305",
    "https://esm.sh/v135/is-plain-obj@4.1.0/denonext/is-plain-obj.mjs": "d3d86a7174ad7935de7b00f904b6424c103bce530c502efb7f42114cbb1a555f",
    "https://raw.githubusercontent.com/grammyjs/auto-thread/main/src/auto-thread.ts": "e1e9124aded7937bf21cfd60e0565e9ea736758883ff793036e24805168915e6",
    "https://raw.githubusercontent.com/grammyjs/auto-thread/main/src/deps.deno.ts": "e4feddd161c8f3fa0ee28bda59d73f040c56f8fe1f7bf1d9fc458294fbfa5d48",
    "https://raw.githubusercontent.com/grammyjs/auto-thread/main/src/mod.ts": "0e4c0298ad4ef5d7962e85e6e039870e7b0d2f3044eccd62771a41f298c1cc1e"
  }
}
